<Solution>
  <Project Path="BevyCSharp/BevyCSharp.csproj" />
  <Folder Name="/Common/">
    <File Path="Directory.Build.props" />
  </Folder>
  <Project Path="BevyCSharp.Generator/BevyCSharp.Generator.csproj" />
  <Project Path="BevyCSharp.Sample/BevyCSharp.Sample.csproj" />
  <Project Path="BevyCSharp.Tests/BevyCSharp.Tests.csproj" />
</Solution>
