<Solution>
  <Project Path="BevyCSharp/BevyCSharp.csproj" />
  <Folder Name="/Common/">
    <File Path="Directory.Build.props" />
    <File Path="README.md" />
  </Folder>
  <Project Path="BevyCSharp.Generator/BevyCSharp.Generator.csproj" />
  <Project Path="BevyCSharp.Cli/BevyCSharp.Cli.csproj" />
  <Project Path="BevyCSharp.Scripting/BevyCSharp.Scripting.csproj" />
  <Project Path="BevyCSharp.Editor/BevyCSharp.Editor.csproj" />
  <Project Path="BevyCSharp.Player/BevyCSharp.Player.csproj" />
  <Project Path="BevyCSharp.FeatureTest/BevyCSharp.FeatureTest.csproj" />
  <Project Path="BevyCSharp.Examples/BevyCSharp.Examples.csproj" />
  <Project Path="BevyCSharp.Tests/BevyCSharp.Tests.csproj" />
</Solution>
